
Microsoft Visual Studio Solution File, Format Version 12.00
# Visual Studio 14
VisualStudioVersion = 14.0.23107.0
MinimumVisualStudioVersion = 10.0.40219.1
Project("{FAE04EC0-301F-11D3-BF4B-00C04F79EFBC}") = "Nav.Language", "Nav.Language\Nav.Language.csproj", "{C38F8EE6-5DC6-40F3-8994-A33069B05FD8}"
EndProject
Project("{FAE04EC0-301F-11D3-BF4B-00C04F79EFBC}") = "Nav.TestClient", "Nav.TestClient\Nav.TestClient.csproj", "{AB2AC2BC-E10D-4BAD-9740-2FB7FF6EACDB}"
EndProject
Project("{FAE04EC0-301F-11D3-BF4B-00C04F79EFBC}") = "Nav.Language.Extension", "Nav.Language.Extension\Nav.Language.Extension.csproj", "{C88AACD6-6973-430B-A94B-4CC45B37F32D}"
EndProject
Project("{FAE04EC0-301F-11D3-BF4B-00C04F79EFBC}") = "Nav.Language.Tests", "Nav.Language.Tests\Nav.Language.Tests.csproj", "{6F82F651-4D21-467D-BD83-68C743BC8DF4}"
EndProject
Global
	GlobalSection(SolutionConfigurationPlatforms) = preSolution
		Debug|Any CPU = Debug|Any CPU
		Release|Any CPU = Release|Any CPU
	EndGlobalSection
	GlobalSection(ProjectConfigurationPlatforms) = postSolution
		{C38F8EE6-5DC6-40F3-8994-A33069B05FD8}.Debug|Any CPU.ActiveCfg = Debug|Any CPU
		{C38F8EE6-5DC6-40F3-8994-A33069B05FD8}.Debug|Any CPU.Build.0 = Debug|Any CPU
		{C38F8EE6-5DC6-40F3-8994-A33069B05FD8}.Release|Any CPU.ActiveCfg = Release|Any CPU
		{C38F8EE6-5DC6-40F3-8994-A33069B05FD8}.Release|Any CPU.Build.0 = Release|Any CPU
		{AB2AC2BC-E10D-4BAD-9740-2FB7FF6EACDB}.Debug|Any CPU.ActiveCfg = Debug|Any CPU
		{AB2AC2BC-E10D-4BAD-9740-2FB7FF6EACDB}.Debug|Any CPU.Build.0 = Debug|Any CPU
		{AB2AC2BC-E10D-4BAD-9740-2FB7FF6EACDB}.Release|Any CPU.ActiveCfg = Release|Any CPU
		{AB2AC2BC-E10D-4BAD-9740-2FB7FF6EACDB}.Release|Any CPU.Build.0 = Release|Any CPU
		{C88AACD6-6973-430B-A94B-4CC45B37F32D}.Debug|Any CPU.ActiveCfg = Debug|Any CPU
		{C88AACD6-6973-430B-A94B-4CC45B37F32D}.Debug|Any CPU.Build.0 = Debug|Any CPU
		{C88AACD6-6973-430B-A94B-4CC45B37F32D}.Release|Any CPU.ActiveCfg = Release|Any CPU
		{C88AACD6-6973-430B-A94B-4CC45B37F32D}.Release|Any CPU.Build.0 = Release|Any CPU
		{6F82F651-4D21-467D-BD83-68C743BC8DF4}.Debug|Any CPU.ActiveCfg = Debug|Any CPU
		{6F82F651-4D21-467D-BD83-68C743BC8DF4}.Debug|Any CPU.Build.0 = Debug|Any CPU
		{6F82F651-4D21-467D-BD83-68C743BC8DF4}.Release|Any CPU.ActiveCfg = Release|Any CPU
		{6F82F651-4D21-467D-BD83-68C743BC8DF4}.Release|Any CPU.Build.0 = Release|Any CPU
	EndGlobalSection
	GlobalSection(SolutionProperties) = preSolution
		HideSolutionNode = FALSE
	EndGlobalSection
	GlobalSection(TeamFoundationVersionControl) = preSolution
		SccNumberOfProjects = 5
		SccEnterpriseProvider = {4CA58AB2-18FA-4F8D-95D4-32DDF27D184C}
		SccTeamFoundationServer = https://iinspectable.visualstudio.com/defaultcollection
		SccLocalPath0 = .
		SccProjectUniqueName1 = Nav.Language\\Nav.Language.csproj
		SccProjectName1 = Nav.Language
		SccLocalPath1 = Nav.Language
		SccProjectUniqueName2 = Nav.TestClient\\Nav.TestClient.csproj
		SccProjectName2 = Nav.TestClient
		SccLocalPath2 = Nav.TestClient
		SccProjectUniqueName3 = Nav.Language.Extension\\Nav.Language.Extension.csproj
		SccProjectName3 = Nav.Language.Extension
		SccLocalPath3 = Nav.Language.Extension
		SccProjectUniqueName4 = Nav.Language.Tests\\Nav.Language.Tests.csproj
		SccProjectName4 = Nav.Language.Tests
		SccLocalPath4 = Nav.Language.Tests
	EndGlobalSection
EndGlobal
